
Microsoft Visual Studio Solution File, Format Version 12.00
# Visual Studio 15
VisualStudioVersion = 15.0.28307.106
MinimumVisualStudioVersion = 10.0.40219.1
Project("{8BC9CEB8-8B4A-11D0-8D11-00A0C91BC942}") = "tep_lab_2", "tep_lab_2\tep_lab_2.vcxproj", "{31BD40DA-9164-4B48-91CC-863DBF22E534}"
EndProject
Global
	GlobalSection(SolutionConfigurationPlatforms) = preSolution
		Debug|x64 = Debug|x64
		Debug|x86 = Debug|x86
		Release|x64 = Release|x64
		Release|x86 = Release|x86
	EndGlobalSection
	GlobalSection(ProjectConfigurationPlatforms) = postSolution
		{31BD40DA-9164-4B48-91CC-863DBF22E534}.Debug|x64.ActiveCfg = Debug|x64
		{31BD40DA-9164-4B48-91CC-863DBF22E534}.Debug|x64.Build.0 = Debug|x64
		{31BD40DA-9164-4B48-91CC-863DBF22E534}.Debug|x86.ActiveCfg = Debug|Win32
		{31BD40DA-9164-4B48-91CC-863DBF22E534}.Debug|x86.Build.0 = Debug|Win32
		{31BD40DA-9164-4B48-91CC-863DBF22E534}.Release|x64.ActiveCfg = Release|x64
		{31BD40DA-9164-4B48-91CC-863DBF22E534}.Release|x64.Build.0 = Release|x64
		{31BD40DA-9164-4B48-91CC-863DBF22E534}.Release|x86.ActiveCfg = Release|Win32
		{31BD40DA-9164-4B48-91CC-863DBF22E534}.Release|x86.Build.0 = Release|Win32
	EndGlobalSection
	GlobalSection(SolutionProperties) = preSolution
		HideSolutionNode = FALSE
	EndGlobalSection
	GlobalSection(ExtensibilityGlobals) = postSolution
		SolutionGuid = {A2DD36A7-CA10-4A6B-813B-5C2141B81D64}
	EndGlobalSection
EndGlobal
